
Microsoft Visual Studio Solution File, Format Version 12.00
# Visual Studio Version 16
VisualStudioVersion = 16.0.31727.386
MinimumVisualStudioVersion = 10.0.40219.1
Project("{8BC9CEB8-8B4A-11D0-8D11-00A0C91BC942}") = "AirportPath", "AirportPath\AirportPath.vcxproj", "{FB7D0898-5288-44F2-BB35-CF2C2B113285}"
EndProject
Global
	GlobalSection(SolutionConfigurationPlatforms) = preSolution
		Debug|x64 = Debug|x64
		Debug|x86 = Debug|x86
		Release|x64 = Release|x64
		Release|x86 = Release|x86
	EndGlobalSection
	GlobalSection(ProjectConfigurationPlatforms) = postSolution
		{FB7D0898-5288-44F2-BB35-CF2C2B113285}.Debug|x64.ActiveCfg = Debug|x64
		{FB7D0898-5288-44F2-BB35-CF2C2B113285}.Debug|x64.Build.0 = Debug|x64
		{FB7D0898-5288-44F2-BB35-CF2C2B113285}.Debug|x86.ActiveCfg = Debug|Win32
		{FB7D0898-5288-44F2-BB35-CF2C2B113285}.Debug|x86.Build.0 = Debug|Win32
		{FB7D0898-5288-44F2-BB35-CF2C2B113285}.Release|x64.ActiveCfg = Release|x64
		{FB7D0898-5288-44F2-BB35-CF2C2B113285}.Release|x64.Build.0 = Release|x64
		{FB7D0898-5288-44F2-BB35-CF2C2B113285}.Release|x86.ActiveCfg = Release|Win32
		{FB7D0898-5288-44F2-BB35-CF2C2B113285}.Release|x86.Build.0 = Release|Win32
	EndGlobalSection
	GlobalSection(SolutionProperties) = preSolution
		HideSolutionNode = FALSE
	EndGlobalSection
	GlobalSection(ExtensibilityGlobals) = postSolution
		SolutionGuid = {8790A3D9-5872-46C3-8800-C45810415253}
	EndGlobalSection
EndGlobal
